# THIS IS AN AUTOGENERATED FILE. DO NOT EDIT THIS FILE DIRECTLY.
# yarn lockfile v1


debug@^4.2.0:
  version "4.3.1"
  resolved "https://registry.yarnpkg.com/debug/-/debug-4.3.1.tgz#f0d229c505e0c6d8c49ac553d1b13dc183f6b2ee"
  integrity sha512-doEwdvm4PCeK4K3RQN2ZC2BYUBaxwLARCqZmMjtF8a51J2Rb0xpVloFRnCODwqjpwnAoao4pelN8l3RJdv3gRQ==
  dependencies:
    ms "2.1.2"

ffmpeg-stream@^0.7.0:
  version "0.7.0"
  resolved "https://registry.yarnpkg.com/ffmpeg-stream/-/ffmpeg-stream-0.7.0.tgz#bd945bdb2cf4e7966f67e97d06a580442cec3dcf"
  integrity sha512-Cz6EDH1LGBMZAb2ae03hvyMkrhZr7LdQ5fj/YUnaj00pxs5BDVZAF2AsYrthO8RrJ8ybwNTlAmvyztAOuuQg3g==
  dependencies:
    debug "^4.2.0"

ms@2.1.2:
  version "2.1.2"
  resolved "https://registry.yarnpkg.com/ms/-/ms-2.1.2.tgz#d09d1f357b443f493382a8eb3ccd183872ae6009"
  integrity sha512-sGkPx+VjMtmA6MX27oA4FBFELFCZZ4S4XqeGOXCv68tT+jb3vk/RyaKWP0PTKyWtmLSM0b+adUTEvbs1PEaH2w==

node-gyp-build@^4.1.0:
  version "4.2.3"
  resolved "https://registry.yarnpkg.com/node-gyp-build/-/node-gyp-build-4.2.3.tgz#ce6277f853835f718829efb47db20f3e4d9c4739"
  integrity sha512-MN6ZpzmfNCRM+3t57PTJHgHyw/h4OWnZ6mR8P5j/uZtqQr46RRuDE/P+g3n0YR/AiYXeWixZZzaip77gdICfRg==

zeromq@6.0.0-beta.5:
  version "6.0.0-beta.5"
  resolved "https://registry.yarnpkg.com/zeromq/-/zeromq-6.0.0-beta.5.tgz#098505fcb66beb78eeb0c541efe415d3e2090292"
  integrity sha512-zsSbjfLjDxQq/Mp6NemNK/AVpm1NeafJRgz7nos1nV9MI/3w/P76pFdlqzxRTW4cuNqyFXJ4Q7g2tUhaZi4rcg==
  dependencies:
    node-gyp-build "^4.1.0"
